
Microsoft Visual Studio Solution File, Format Version 12.00
# Visual Studio Version 17
VisualStudioVersion = 17.9.34616.47
MinimumVisualStudioVersion = 10.0.40219.1
Project("{FAE04EC0-301F-11D3-BF4B-00C04F79EFBC}") = "JumpstartCS.TemporalTickets.Api", "JumpstartCS.TemporalTickets.Api\JumpstartCS.TemporalTickets.Api.csproj", "{40FF29FA-DDD1-43C7-9A28-44DB01A54738}"
EndProject
Project("{FAE04EC0-301F-11D3-BF4B-00C04F79EFBC}") = "JumpstartCS.TemporalTickets.Worker", "JumpstartCS.TemporalTickets.Worker\JumpstartCS.TemporalTickets.Worker.csproj", "{D8C34BD2-2429-447B-8FFF-A6CF60B41912}"
EndProject
Project("{FAE04EC0-301F-11D3-BF4B-00C04F79EFBC}") = "JumpstartCS.TemporalTickets", "JumpstartCS.TemporalTickets\JumpstartCS.TemporalTickets.csproj", "{94DDA2FB-CDDA-42B6-A1BB-9EEA3936511E}"
EndProject
Project("{FAE04EC0-301F-11D3-BF4B-00C04F79EFBC}") = "JumpstartCS.TemporalTickets.Infrastructure", "JumpstartCS.TemporalTickets.Infrastructure\JumpstartCS.TemporalTickets.Infrastructure.csproj", "{02F91FE4-218F-42B7-A0AE-69E71A81B377}"
EndProject
Project("{FAE04EC0-301F-11D3-BF4B-00C04F79EFBC}") = "JumpstartCS.TemporalTickets.Interfaces", "JumpstartCS.TemporalTickets.Interfaces\JumpstartCS.TemporalTickets.Interfaces.csproj", "{EB71382F-52E0-4A6A-8CCC-FE6BD411683D}"
EndProject
Project("{FAE04EC0-301F-11D3-BF4B-00C04F79EFBC}") = "JumpstartCS.TemporalTickets.Definitions", "JumpstartCS.TemporalTickets.Definitions\JumpstartCS.TemporalTickets.Definitions.csproj", "{08FE739C-9B3D-4CCE-9F5B-25FADAA11899}"
EndProject
Global
	GlobalSection(SolutionConfigurationPlatforms) = preSolution
		Debug|Any CPU = Debug|Any CPU
		Release|Any CPU = Release|Any CPU
	EndGlobalSection
	GlobalSection(ProjectConfigurationPlatforms) = postSolution
		{40FF29FA-DDD1-43C7-9A28-44DB01A54738}.Debug|Any CPU.ActiveCfg = Debug|Any CPU
		{40FF29FA-DDD1-43C7-9A28-44DB01A54738}.Debug|Any CPU.Build.0 = Debug|Any CPU
		{40FF29FA-DDD1-43C7-9A28-44DB01A54738}.Release|Any CPU.ActiveCfg = Release|Any CPU
		{40FF29FA-DDD1-43C7-9A28-44DB01A54738}.Release|Any CPU.Build.0 = Release|Any CPU
		{D8C34BD2-2429-447B-8FFF-A6CF60B41912}.Debug|Any CPU.ActiveCfg = Debug|Any CPU
		{D8C34BD2-2429-447B-8FFF-A6CF60B41912}.Debug|Any CPU.Build.0 = Debug|Any CPU
		{D8C34BD2-2429-447B-8FFF-A6CF60B41912}.Release|Any CPU.ActiveCfg = Release|Any CPU
		{D8C34BD2-2429-447B-8FFF-A6CF60B41912}.Release|Any CPU.Build.0 = Release|Any CPU
		{94DDA2FB-CDDA-42B6-A1BB-9EEA3936511E}.Debug|Any CPU.ActiveCfg = Debug|Any CPU
		{94DDA2FB-CDDA-42B6-A1BB-9EEA3936511E}.Debug|Any CPU.Build.0 = Debug|Any CPU
		{94DDA2FB-CDDA-42B6-A1BB-9EEA3936511E}.Release|Any CPU.ActiveCfg = Release|Any CPU
		{94DDA2FB-CDDA-42B6-A1BB-9EEA3936511E}.Release|Any CPU.Build.0 = Release|Any CPU
		{02F91FE4-218F-42B7-A0AE-69E71A81B377}.Debug|Any CPU.ActiveCfg = Debug|Any CPU
		{02F91FE4-218F-42B7-A0AE-69E71A81B377}.Debug|Any CPU.Build.0 = Debug|Any CPU
		{02F91FE4-218F-42B7-A0AE-69E71A81B377}.Release|Any CPU.ActiveCfg = Release|Any CPU
		{02F91FE4-218F-42B7-A0AE-69E71A81B377}.Release|Any CPU.Build.0 = Release|Any CPU
		{EB71382F-52E0-4A6A-8CCC-FE6BD411683D}.Debug|Any CPU.ActiveCfg = Debug|Any CPU
		{EB71382F-52E0-4A6A-8CCC-FE6BD411683D}.Debug|Any CPU.Build.0 = Debug|Any CPU
		{EB71382F-52E0-4A6A-8CCC-FE6BD411683D}.Release|Any CPU.ActiveCfg = Release|Any CPU
		{EB71382F-52E0-4A6A-8CCC-FE6BD411683D}.Release|Any CPU.Build.0 = Release|Any CPU
		{08FE739C-9B3D-4CCE-9F5B-25FADAA11899}.Debug|Any CPU.ActiveCfg = Debug|Any CPU
		{08FE739C-9B3D-4CCE-9F5B-25FADAA11899}.Debug|Any CPU.Build.0 = Debug|Any CPU
		{08FE739C-9B3D-4CCE-9F5B-25FADAA11899}.Release|Any CPU.ActiveCfg = Release|Any CPU
		{08FE739C-9B3D-4CCE-9F5B-25FADAA11899}.Release|Any CPU.Build.0 = Release|Any CPU
	EndGlobalSection
	GlobalSection(SolutionProperties) = preSolution
		HideSolutionNode = FALSE
	EndGlobalSection
	GlobalSection(ExtensibilityGlobals) = postSolution
		SolutionGuid = {77ED4F65-1378-44C0-845D-EAD6B3EC5656}
	EndGlobalSection
EndGlobal
